{
  "name": "@cbr/common",
  "version": "1.0.0",
  "lockfileVersion": 2,
  "requires": true,
  "packages": {
    "": {
      "name": "@cbr/common",
      "version": "1.0.0",
      "dependencies": {
        "jwt-decode": "^3.1.2"
      },
      "devDependencies": {
        "@types/node": "^15.12.1",
        "@types/react": "^17.0.9",
        "prettier": "2.3.0",
        "typescript": "~4.0.0"
      }
    },
    "node_modules/@types/node": {
      "version": "15.12.1",
      "resolved": "https://registry.npmjs.org/@types/node/-/node-15.12.1.tgz",
      "integrity": "sha512-zyxJM8I1c9q5sRMtVF+zdd13Jt6RU4r4qfhTd7lQubyThvLfx6yYekWSQjGCGV2Tkecgxnlpl/DNlb6Hg+dmEw==",
      "dev": true
    },
    "node_modules/@types/prop-types": {
      "version": "15.7.3",
      "resolved": "https://registry.npmjs.org/@types/prop-types/-/prop-types-15.7.3.tgz",
      "integrity": "sha512-KfRL3PuHmqQLOG+2tGpRO26Ctg+Cq1E01D2DMriKEATHgWLfeNDmq9e29Q9WIky0dQ3NPkd1mzYH8Lm936Z9qw==",
      "dev": true
    },
    "node_modules/@types/react": {
      "version": "17.0.9",
      "resolved": "https://registry.npmjs.org/@types/react/-/react-17.0.9.tgz",
      "integrity": "sha512-2Cw7FvevpJxQrCb+k5t6GH1KIvmadj5uBbjPaLlJB/nZWUj56e1ZqcD6zsoMFB47MsJUTFl9RJ132A7hb3QFJA==",
      "dev": true,
      "dependencies": {
        "@types/prop-types": "*",
        "@types/scheduler": "*",
        "csstype": "^3.0.2"
      }
    },
    "node_modules/@types/scheduler": {
      "version": "0.16.1",
      "resolved": "https://registry.npmjs.org/@types/scheduler/-/scheduler-0.16.1.tgz",
      "integrity": "sha512-EaCxbanVeyxDRTQBkdLb3Bvl/HK7PBK6UJjsSixB0iHKoWxE5uu2Q/DgtpOhPIojN0Zl1whvOd7PoHs2P0s5eA==",
      "dev": true
    },
    "node_modules/csstype": {
      "version": "3.0.8",
      "resolved": "https://registry.npmjs.org/csstype/-/csstype-3.0.8.tgz",
      "integrity": "sha512-jXKhWqXPmlUeoQnF/EhTtTl4C9SnrxSH/jZUih3jmO6lBKr99rP3/+FmrMj4EFpOXzMtXHAZkd3x0E6h6Fgflw==",
      "dev": true
    },
    "node_modules/jwt-decode": {
      "version": "3.1.2",
      "resolved": "https://registry.npmjs.org/jwt-decode/-/jwt-decode-3.1.2.tgz",
      "integrity": "sha512-UfpWE/VZn0iP50d8cz9NrZLM9lSWhcJ+0Gt/nm4by88UL+J1SiKN8/5dkjMmbEzwL2CAe+67GsegCbIKtbp75A=="
    },
    "node_modules/prettier": {
      "version": "2.3.0",
      "resolved": "https://registry.npmjs.org/prettier/-/prettier-2.3.0.tgz",
      "integrity": "sha512-kXtO4s0Lz/DW/IJ9QdWhAf7/NmPWQXkFr/r/WkR3vyI+0v8amTDxiaQSLzs8NBlytfLWX/7uQUMIW677yLKl4w==",
      "dev": true,
      "bin": {
        "prettier": "bin-prettier.js"
      },
      "engines": {
        "node": ">=10.13.0"
      }
    },
    "node_modules/typescript": {
      "version": "4.0.7",
      "resolved": "https://registry.npmjs.org/typescript/-/typescript-4.0.7.tgz",
      "integrity": "sha512-yi7M4y74SWvYbnazbn8/bmJmX4Zlej39ZOqwG/8dut/MYoSQ119GY9ZFbbGsD4PFZYWxqik/XsP3vk3+W5H3og==",
      "dev": true,
      "bin": {
        "tsc": "bin/tsc",
        "tsserver": "bin/tsserver"
      },
      "engines": {
        "node": ">=4.2.0"
      }
    }
  },
  "dependencies": {
    "@types/node": {
      "version": "15.12.1",
      "resolved": "https://registry.npmjs.org/@types/node/-/node-15.12.1.tgz",
      "integrity": "sha512-zyxJM8I1c9q5sRMtVF+zdd13Jt6RU4r4qfhTd7lQubyThvLfx6yYekWSQjGCGV2Tkecgxnlpl/DNlb6Hg+dmEw==",
      "dev": true
    },
    "@types/prop-types": {
      "version": "15.7.3",
      "resolved": "https://registry.npmjs.org/@types/prop-types/-/prop-types-15.7.3.tgz",
      "integrity": "sha512-KfRL3PuHmqQLOG+2tGpRO26Ctg+Cq1E01D2DMriKEATHgWLfeNDmq9e29Q9WIky0dQ3NPkd1mzYH8Lm936Z9qw==",
      "dev": true
    },
    "@types/react": {
      "version": "17.0.9",
      "resolved": "https://registry.npmjs.org/@types/react/-/react-17.0.9.tgz",
      "integrity": "sha512-2Cw7FvevpJxQrCb+k5t6GH1KIvmadj5uBbjPaLlJB/nZWUj56e1ZqcD6zsoMFB47MsJUTFl9RJ132A7hb3QFJA==",
      "dev": true,
      "requires": {
        "@types/prop-types": "*",
        "@types/scheduler": "*",
        "csstype": "^3.0.2"
      }
    },
    "@types/scheduler": {
      "version": "0.16.1",
      "resolved": "https://registry.npmjs.org/@types/scheduler/-/scheduler-0.16.1.tgz",
      "integrity": "sha512-EaCxbanVeyxDRTQBkdLb3Bvl/HK7PBK6UJjsSixB0iHKoWxE5uu2Q/DgtpOhPIojN0Zl1whvOd7PoHs2P0s5eA==",
      "dev": true
    },
    "csstype": {
      "version": "3.0.8",
      "resolved": "https://registry.npmjs.org/csstype/-/csstype-3.0.8.tgz",
      "integrity": "sha512-jXKhWqXPmlUeoQnF/EhTtTl4C9SnrxSH/jZUih3jmO6lBKr99rP3/+FmrMj4EFpOXzMtXHAZkd3x0E6h6Fgflw==",
      "dev": true
    },
    "jwt-decode": {
      "version": "3.1.2",
      "resolved": "https://registry.npmjs.org/jwt-decode/-/jwt-decode-3.1.2.tgz",
      "integrity": "sha512-UfpWE/VZn0iP50d8cz9NrZLM9lSWhcJ+0Gt/nm4by88UL+J1SiKN8/5dkjMmbEzwL2CAe+67GsegCbIKtbp75A=="
    },
    "prettier": {
      "version": "2.3.0",
      "resolved": "https://registry.npmjs.org/prettier/-/prettier-2.3.0.tgz",
      "integrity": "sha512-kXtO4s0Lz/DW/IJ9QdWhAf7/NmPWQXkFr/r/WkR3vyI+0v8amTDxiaQSLzs8NBlytfLWX/7uQUMIW677yLKl4w==",
      "dev": true
    },
    "typescript": {
      "version": "4.0.7",
      "resolved": "https://registry.npmjs.org/typescript/-/typescript-4.0.7.tgz",
      "integrity": "sha512-yi7M4y74SWvYbnazbn8/bmJmX4Zlej39ZOqwG/8dut/MYoSQ119GY9ZFbbGsD4PFZYWxqik/XsP3vk3+W5H3og==",
      "dev": true
    }
  }
}
